
Microsoft Visual Studio Solution File, Format Version 12.00
# Visual Studio Version 16
VisualStudioVersion = 16.0.30204.135
MinimumVisualStudioVersion = 10.0.40219.1
Project("{9A19103F-16F7-4668-BE54-9A1E7A4F7556}") = "Recusrividade", "Recusrividade.csproj", "{505048B4-277E-4EEF-85D9-42AEAF8A9865}"
EndProject
Global
	GlobalSection(SolutionConfigurationPlatforms) = preSolution
		Debug|Any CPU = Debug|Any CPU
		Release|Any CPU = Release|Any CPU
	EndGlobalSection
	GlobalSection(ProjectConfigurationPlatforms) = postSolution
		{505048B4-277E-4EEF-85D9-42AEAF8A9865}.Debug|Any CPU.ActiveCfg = Debug|Any CPU
		{505048B4-277E-4EEF-85D9-42AEAF8A9865}.Debug|Any CPU.Build.0 = Debug|Any CPU
		{505048B4-277E-4EEF-85D9-42AEAF8A9865}.Release|Any CPU.ActiveCfg = Release|Any CPU
		{505048B4-277E-4EEF-85D9-42AEAF8A9865}.Release|Any CPU.Build.0 = Release|Any CPU
	EndGlobalSection
	GlobalSection(SolutionProperties) = preSolution
		HideSolutionNode = FALSE
	EndGlobalSection
	GlobalSection(ExtensibilityGlobals) = postSolution
		SolutionGuid = {98D06FD7-C4ED-4642-9A3E-AE09467F8B28}
	EndGlobalSection
EndGlobal
